
Microsoft Visual Studio Solution File, Format Version 12.00
# Visual Studio 15
VisualStudioVersion = 15.0.27703.2042
MinimumVisualStudioVersion = 10.0.40219.1
Project("{FAE04EC0-301F-11D3-BF4B-00C04F79EFBC}") = "Introduction", "Introduction\Introduction.csproj", "{A577B9B7-8CCD-455F-934A-3CD467FAAD45}"
EndProject
Global
	GlobalSection(SolutionConfigurationPlatforms) = preSolution
		Debug|Any CPU = Debug|Any CPU
		Release|Any CPU = Release|Any CPU
	EndGlobalSection
	GlobalSection(ProjectConfigurationPlatforms) = postSolution
		{A577B9B7-8CCD-455F-934A-3CD467FAAD45}.Debug|Any CPU.ActiveCfg = Debug|Any CPU
		{A577B9B7-8CCD-455F-934A-3CD467FAAD45}.Debug|Any CPU.Build.0 = Debug|Any CPU
		{A577B9B7-8CCD-455F-934A-3CD467FAAD45}.Release|Any CPU.ActiveCfg = Release|Any CPU
		{A577B9B7-8CCD-455F-934A-3CD467FAAD45}.Release|Any CPU.Build.0 = Release|Any CPU
	EndGlobalSection
	GlobalSection(SolutionProperties) = preSolution
		HideSolutionNode = FALSE
	EndGlobalSection
	GlobalSection(ExtensibilityGlobals) = postSolution
		SolutionGuid = {23293067-D702-41AF-A411-755373EAA274}
	EndGlobalSection
EndGlobal
